
Microsoft Visual Studio Solution File, Format Version 12.00
# Visual Studio Express 15 for Windows Desktop
VisualStudioVersion = 15.0.27428.2002
MinimumVisualStudioVersion = 10.0.40219.1
Project("{FAE04EC0-301F-11D3-BF4B-00C04F79EFBC}") = "Cipher", "Crypter\Cipher.csproj", "{72D24620-51F9-4EDE-BFD2-F722951FA6EE}"
EndProject
Project("{FAE04EC0-301F-11D3-BF4B-00C04F79EFBC}") = "Classes", "Classes\Classes.csproj", "{B55CDCC6-115B-4208-8DC2-A84B51CE3ED3}"
EndProject
Project("{FAE04EC0-301F-11D3-BF4B-00C04F79EFBC}") = "Controls", "Controls\Controls.csproj", "{287C3875-E015-447A-83C0-B4064D2AB3AA}"
EndProject
Global
	GlobalSection(SolutionConfigurationPlatforms) = preSolution
		Debug|Any CPU = Debug|Any CPU
		Release|Any CPU = Release|Any CPU
	EndGlobalSection
	GlobalSection(ProjectConfigurationPlatforms) = postSolution
		{72D24620-51F9-4EDE-BFD2-F722951FA6EE}.Debug|Any CPU.ActiveCfg = Debug|Any CPU
		{72D24620-51F9-4EDE-BFD2-F722951FA6EE}.Debug|Any CPU.Build.0 = Debug|Any CPU
		{72D24620-51F9-4EDE-BFD2-F722951FA6EE}.Release|Any CPU.ActiveCfg = Release|Any CPU
		{72D24620-51F9-4EDE-BFD2-F722951FA6EE}.Release|Any CPU.Build.0 = Release|Any CPU
		{B55CDCC6-115B-4208-8DC2-A84B51CE3ED3}.Debug|Any CPU.ActiveCfg = Debug|Any CPU
		{B55CDCC6-115B-4208-8DC2-A84B51CE3ED3}.Debug|Any CPU.Build.0 = Debug|Any CPU
		{B55CDCC6-115B-4208-8DC2-A84B51CE3ED3}.Release|Any CPU.ActiveCfg = Release|Any CPU
		{B55CDCC6-115B-4208-8DC2-A84B51CE3ED3}.Release|Any CPU.Build.0 = Release|Any CPU
		{287C3875-E015-447A-83C0-B4064D2AB3AA}.Debug|Any CPU.ActiveCfg = Debug|Any CPU
		{287C3875-E015-447A-83C0-B4064D2AB3AA}.Debug|Any CPU.Build.0 = Debug|Any CPU
		{287C3875-E015-447A-83C0-B4064D2AB3AA}.Release|Any CPU.ActiveCfg = Release|Any CPU
		{287C3875-E015-447A-83C0-B4064D2AB3AA}.Release|Any CPU.Build.0 = Release|Any CPU
	EndGlobalSection
	GlobalSection(SolutionProperties) = preSolution
		HideSolutionNode = FALSE
	EndGlobalSection
	GlobalSection(ExtensibilityGlobals) = postSolution
		SolutionGuid = {4EE21333-D955-4BDC-BF11-0BD76C9B40E9}
	EndGlobalSection
EndGlobal
